
Microsoft Visual Studio Solution File, Format Version 12.00
# Visual Studio 15
VisualStudioVersion = 15.0.28010.2019
MinimumVisualStudioVersion = 10.0.40219.1
Project("{FAE04EC0-301F-11D3-BF4B-00C04F79EFBC}") = "TheLibraryIsOpen", "TheLibraryIsOpen\TheLibraryIsOpen.csproj", "{99CB64F0-1BAF-45AB-8B35-02552A0F2D3B}"
EndProject
Global
	GlobalSection(SolutionConfigurationPlatforms) = preSolution
		Debug|Any CPU = Debug|Any CPU
		Release|Any CPU = Release|Any CPU
	EndGlobalSection
	GlobalSection(ProjectConfigurationPlatforms) = postSolution
		{99CB64F0-1BAF-45AB-8B35-02552A0F2D3B}.Debug|Any CPU.ActiveCfg = Debug|Any CPU
		{99CB64F0-1BAF-45AB-8B35-02552A0F2D3B}.Debug|Any CPU.Build.0 = Debug|Any CPU
		{99CB64F0-1BAF-45AB-8B35-02552A0F2D3B}.Release|Any CPU.ActiveCfg = Release|Any CPU
		{99CB64F0-1BAF-45AB-8B35-02552A0F2D3B}.Release|Any CPU.Build.0 = Release|Any CPU
	EndGlobalSection
	GlobalSection(SolutionProperties) = preSolution
		HideSolutionNode = FALSE
	EndGlobalSection
	GlobalSection(ExtensibilityGlobals) = postSolution
		SolutionGuid = {70979EB4-D788-4C07-803D-3907127C5E19}
	EndGlobalSection
EndGlobal
